
Microsoft Visual Studio Solution File, Format Version 12.00
# Visual Studio Version 16
VisualStudioVersion = 16.0.31702.278
MinimumVisualStudioVersion = 10.0.40219.1
Project("{FAE04EC0-301F-11D3-BF4B-00C04F79EFBC}") = "PlaneClient(Baas)", "PlaneClient(Baas)\PlaneClient(Baas).csproj", "{22B2E787-3A82-415D-BB9D-DE5F1FE1898D}"
EndProject
Global
	GlobalSection(SolutionConfigurationPlatforms) = preSolution
		Debug|Any CPU = Debug|Any CPU
		Release|Any CPU = Release|Any CPU
	EndGlobalSection
	GlobalSection(ProjectConfigurationPlatforms) = postSolution
		{22B2E787-3A82-415D-BB9D-DE5F1FE1898D}.Debug|Any CPU.ActiveCfg = Debug|Any CPU
		{22B2E787-3A82-415D-BB9D-DE5F1FE1898D}.Debug|Any CPU.Build.0 = Debug|Any CPU
		{22B2E787-3A82-415D-BB9D-DE5F1FE1898D}.Release|Any CPU.ActiveCfg = Release|Any CPU
		{22B2E787-3A82-415D-BB9D-DE5F1FE1898D}.Release|Any CPU.Build.0 = Release|Any CPU
	EndGlobalSection
	GlobalSection(SolutionProperties) = preSolution
		HideSolutionNode = FALSE
	EndGlobalSection
	GlobalSection(ExtensibilityGlobals) = postSolution
		SolutionGuid = {0833153D-A0B0-4BE0-A305-FA075E3FE59B}
	EndGlobalSection
EndGlobal
